<?xml version="1.0" encoding="utf-8"?>
<Project ToolsVersion="4.0" xmlns="http://schemas.microsoft.com/developer/msbuild/2003">
  <ItemGroup>
    <Filter Include="Source Files">
      <UniqueIdentifier>{4FC737F1-C7A5-4376-A066-2A32D752A2FF}</UniqueIdentifier>
      <Extensions>cpp;c;cc;cxx;def;odl;idl;hpj;bat;asm;asmx</Extensions>
    </Filter>
    <Filter Include="Header Files">
      <UniqueIdentifier>{93995380-89BD-4b04-88EB-625FBE52EBFB}</UniqueIdentifier>
      <Extensions>h;hh;hpp;hxx;hm;inl;inc;xsd</Extensions>
    </Filter>
    <Filter Include="Resource Files">
      <UniqueIdentifier>{67DA6AB6-F800-4c08-8B7A-83BB121AAD01}</UniqueIdentifier>
      <Extensions>rc;ico;cur;bmp;dlg;rc2;rct;bin;rgs;gif;jpg;jpeg;jpe;resx;tiff;tif;png;wav;mfcribbon-ms</Extensions>
    </Filter>
  </ItemGroup>
  <ItemGroup>
    <ClCompile Include="TestSet.cpp">
      <Filter>Source Files</Filter>
    </ClCompile>
    <ClCompile Include="sdsl-src\bits.cpp">
      <Filter>Source Files</Filter>
    </ClCompile>
    <ClCompile Include="sdsl-src\bp_support_algorithm.cpp">
      <Filter>Source Files</Filter>
    </ClCompile>
    <ClCompile Include="sdsl-src\coder_elias_delta.cpp">
      <Filter>Source Files</Filter>
    </ClCompile>
    <ClCompile Include="sdsl-src\coder_elias_gamma.cpp">
      <Filter>Source Files</Filter>
    </ClCompile>
    <ClCompile Include="sdsl-src\coder_fibonacci.cpp">
      <Filter>Source Files</Filter>
    </ClCompile>
    <ClCompile Include="sdsl-src\config.cpp">
      <Filter>Source Files</Filter>
    </ClCompile>
    <ClCompile Include="sdsl-src\construct_config.cpp">
      <Filter>Source Files</Filter>
    </ClCompile>
    <ClCompile Include="sdsl-src\construct_isa.cpp">
      <Filter>Source Files</Filter>
    </ClCompile>
    <ClCompile Include="sdsl-src\construct_lcp.cpp">
      <Filter>Source Files</Filter>
    </ClCompile>
    <ClCompile Include="sdsl-src\construct_lcp_helper.cpp">
      <Filter>Source Files</Filter>
    </ClCompile>
    <ClCompile Include="sdsl-src\construct_sa.cpp">
      <Filter>Source Files</Filter>
    </ClCompile>
    <ClCompile Include="sdsl-src\construct_sa_se.cpp">
      <Filter>Source Files</Filter>
    </ClCompile>
    <ClCompile Include="sdsl-src\csa_alphabet_strategy.cpp">
      <Filter>Source Files</Filter>
    </ClCompile>
    <ClCompile Include="sdsl-src\io.cpp">
      <Filter>Source Files</Filter>
    </ClCompile>
    <ClCompile Include="sdsl-src\lcp_support_tree.cpp">
      <Filter>Source Files</Filter>
    </ClCompile>
    <ClCompile Include="sdsl-src\louds_tree.cpp">
      <Filter>Source Files</Filter>
    </ClCompile>
    <ClCompile Include="sdsl-src\memory_management.cpp">
      <Filter>Source Files</Filter>
    </ClCompile>
    <ClCompile Include="sdsl-src\nn_dict_dynamic.cpp">
      <Filter>Source Files</Filter>
    </ClCompile>
    <ClCompile Include="sdsl-src\ram_filebuf.cpp">
      <Filter>Source Files</Filter>
    </ClCompile>
    <ClCompile Include="sdsl-src\ram_fs.cpp">
      <Filter>Source Files</Filter>
    </ClCompile>
    <ClCompile Include="sdsl-src\rrr_vector_15.cpp">
      <Filter>Source Files</Filter>
    </ClCompile>
    <ClCompile Include="sdsl-src\sd_vector.cpp">
      <Filter>Source Files</Filter>
    </ClCompile>
    <ClCompile Include="sdsl-src\sfstream.cpp">
      <Filter>Source Files</Filter>
    </ClCompile>
    <ClCompile Include="sdsl-src\structure_tree.cpp">
      <Filter>Source Files</Filter>
    </ClCompile>
    <ClCompile Include="sdsl-src\uint128_t.cpp">
      <Filter>Source Files</Filter>
    </ClCompile>
    <ClCompile Include="sdsl-src\uint256_t.cpp">
      <Filter>Source Files</Filter>
    </ClCompile>
    <ClCompile Include="sdsl-src\util.cpp">
      <Filter>Source Files</Filter>
    </ClCompile>
    <ClCompile Include="sdsl-src\wt_helper.cpp">
      <Filter>Source Files</Filter>
    </ClCompile>
  </ItemGroup>
  <ItemGroup>
    <ClInclude Include="mct\impl\closed-hash-table.hpp">
      <Filter>Header Files</Filter>
    </ClInclude>
    <ClInclude Include="mct\impl\optimization.hpp">
      <Filter>Header Files</Filter>
    </ClInclude>
    <ClInclude Include="mct\impl\serialization.hpp">
      <Filter>Header Files</Filter>
    </ClInclude>
    <ClInclude Include="mct\impl\utils.hpp">
      <Filter>Header Files</Filter>
    </ClInclude>
    <ClInclude Include="mct\closed-hash-map.hpp">
      <Filter>Header Files</Filter>
    </ClInclude>
    <ClInclude Include="mct\closed-hash-set.hpp">
      <Filter>Header Files</Filter>
    </ClInclude>
    <ClInclude Include="mct\config.hpp">
      <Filter>Header Files</Filter>
    </ClInclude>
    <ClInclude Include="mct\hash-map.hpp">
      <Filter>Header Files</Filter>
    </ClInclude>
    <ClInclude Include="mct\hash-map-serialization.hpp">
      <Filter>Header Files</Filter>
    </ClInclude>
    <ClInclude Include="mct\hash-set.hpp">
      <Filter>Header Files</Filter>
    </ClInclude>
    <ClInclude Include="mct\hash-set-serialization.hpp">
      <Filter>Header Files</Filter>
    </ClInclude>
    <ClInclude Include="mct\intrusiveness.hpp">
      <Filter>Header Files</Filter>
    </ClInclude>
    <ClInclude Include="sparsehash\internal\densehashtable.h">
      <Filter>Header Files</Filter>
    </ClInclude>
    <ClInclude Include="sparsehash\internal\hashtable-common.h">
      <Filter>Header Files</Filter>
    </ClInclude>
    <ClInclude Include="sparsehash\internal\libc_allocator_with_realloc.h">
      <Filter>Header Files</Filter>
    </ClInclude>
    <ClInclude Include="sparsehash\internal\sparseconfig.h">
      <Filter>Header Files</Filter>
    </ClInclude>
    <ClInclude Include="sparsehash\internal\sparsehashtable.h">
      <Filter>Header Files</Filter>
    </ClInclude>
    <ClInclude Include="sparsehash\template_util.h">
      <Filter>Header Files</Filter>
    </ClInclude>
    <ClInclude Include="sparsehash\type_traits.h">
      <Filter>Header Files</Filter>
    </ClInclude>
    <ClInclude Include="btree.h">
      <Filter>Header Files</Filter>
    </ClInclude>
    <ClInclude Include="btree_container.h">
      <Filter>Header Files</Filter>
    </ClInclude>
    <ClInclude Include="btree_set.h">
      <Filter>Header Files</Filter>
    </ClInclude>
    <ClInclude Include="sparsehash\dense_hash_map">
      <Filter>Header Files</Filter>
    </ClInclude>
    <ClInclude Include="sparsehash\dense_hash_set">
      <Filter>Header Files</Filter>
    </ClInclude>
    <ClInclude Include="sparsehash\sparse_hash_map">
      <Filter>Header Files</Filter>
    </ClInclude>
    <ClInclude Include="sparsehash\sparse_hash_set">
      <Filter>Header Files</Filter>
    </ClInclude>
    <ClInclude Include="sparsehash\sparsetable">
      <Filter>Header Files</Filter>
    </ClInclude>
    <ClInclude Include="bitset\include\bitset\bitset.h">
      <Filter>Header Files</Filter>
    </ClInclude>
    <ClInclude Include="bitset\include\bitset\estimate.h">
      <Filter>Header Files</Filter>
    </ClInclude>
    <ClInclude Include="bitset\include\bitset\malloc.h">
      <Filter>Header Files</Filter>
    </ClInclude>
    <ClInclude Include="bitset\include\bitset\operation.h">
      <Filter>Header Files</Filter>
    </ClInclude>
    <ClInclude Include="bitset\include\bitset\vector.h">
      <Filter>Header Files</Filter>
    </ClInclude>
    <ClInclude Include="sdsl\bit_vector_il.hpp">
      <Filter>Header Files</Filter>
    </ClInclude>
    <ClInclude Include="sdsl\bit_vectors.hpp">
      <Filter>Header Files</Filter>
    </ClInclude>
    <ClInclude Include="sdsl\bits.hpp">
      <Filter>Header Files</Filter>
    </ClInclude>
    <ClInclude Include="sdsl\bp_support.hpp">
      <Filter>Header Files</Filter>
    </ClInclude>
    <ClInclude Include="sdsl\bp_support_algorithm.hpp">
      <Filter>Header Files</Filter>
    </ClInclude>
    <ClInclude Include="sdsl\bp_support_g.hpp">
      <Filter>Header Files</Filter>
    </ClInclude>
    <ClInclude Include="sdsl\bp_support_gg.hpp">
      <Filter>Header Files</Filter>
    </ClInclude>
    <ClInclude Include="sdsl\bp_support_sada.hpp">
      <Filter>Header Files</Filter>
    </ClInclude>
    <ClInclude Include="sdsl\coder.hpp">
      <Filter>Header Files</Filter>
    </ClInclude>
    <ClInclude Include="sdsl\coder_comma.hpp">
      <Filter>Header Files</Filter>
    </ClInclude>
    <ClInclude Include="sdsl\coder_elias_delta.hpp">
      <Filter>Header Files</Filter>
    </ClInclude>
    <ClInclude Include="sdsl\coder_elias_gamma.hpp">
      <Filter>Header Files</Filter>
    </ClInclude>
    <ClInclude Include="sdsl\coder_fibonacci.hpp">
      <Filter>Header Files</Filter>
    </ClInclude>
    <ClInclude Include="sdsl\config.hpp">
      <Filter>Header Files</Filter>
    </ClInclude>
    <ClInclude Include="sdsl\construct.hpp">
      <Filter>Header Files</Filter>
    </ClInclude>
    <ClInclude Include="sdsl\construct_bwt.hpp">
      <Filter>Header Files</Filter>
    </ClInclude>
    <ClInclude Include="sdsl\construct_config.hpp">
      <Filter>Header Files</Filter>
    </ClInclude>
    <ClInclude Include="sdsl\construct_isa.hpp">
      <Filter>Header Files</Filter>
    </ClInclude>
    <ClInclude Include="sdsl\construct_lcp.hpp">
      <Filter>Header Files</Filter>
    </ClInclude>
    <ClInclude Include="sdsl\construct_lcp_helper.hpp">
      <Filter>Header Files</Filter>
    </ClInclude>
    <ClInclude Include="sdsl\construct_sa.hpp">
      <Filter>Header Files</Filter>
    </ClInclude>
    <ClInclude Include="sdsl\construct_sa_se.hpp">
      <Filter>Header Files</Filter>
    </ClInclude>
    <ClInclude Include="sdsl\csa_alphabet_strategy.hpp">
      <Filter>Header Files</Filter>
    </ClInclude>
    <ClInclude Include="sdsl\csa_bitcompressed.hpp">
      <Filter>Header Files</Filter>
    </ClInclude>
    <ClInclude Include="sdsl\csa_sada.hpp">
      <Filter>Header Files</Filter>
    </ClInclude>
    <ClInclude Include="sdsl\csa_sampling_strategy.hpp">
      <Filter>Header Files</Filter>
    </ClInclude>
    <ClInclude Include="sdsl\csa_wt.hpp">
      <Filter>Header Files</Filter>
    </ClInclude>
    <ClInclude Include="sdsl\cst_fully.hpp">
      <Filter>Header Files</Filter>
    </ClInclude>
    <ClInclude Include="sdsl\cst_iterators.hpp">
      <Filter>Header Files</Filter>
    </ClInclude>
    <ClInclude Include="sdsl\cst_sada.hpp">
      <Filter>Header Files</Filter>
    </ClInclude>
    <ClInclude Include="sdsl\cst_sct3.hpp">
      <Filter>Header Files</Filter>
    </ClInclude>
    <ClInclude Include="sdsl\dac_vector.hpp">
      <Filter>Header Files</Filter>
    </ClInclude>
    <ClInclude Include="sdsl\enc_vector.hpp">
      <Filter>Header Files</Filter>
    </ClInclude>
    <ClInclude Include="sdsl\fast_cache.hpp">
      <Filter>Header Files</Filter>
    </ClInclude>
    <ClInclude Include="sdsl\hyb_vector.hpp">
      <Filter>Header Files</Filter>
    </ClInclude>
    <ClInclude Include="sdsl\int_vector.hpp">
      <Filter>Header Files</Filter>
    </ClInclude>
    <ClInclude Include="sdsl\int_vector_buffer.hpp">
      <Filter>Header Files</Filter>
    </ClInclude>
    <ClInclude Include="sdsl\int_vector_io_wrappers.hpp">
      <Filter>Header Files</Filter>
    </ClInclude>
    <ClInclude Include="sdsl\int_vector_mapper.hpp">
      <Filter>Header Files</Filter>
    </ClInclude>
    <ClInclude Include="sdsl\inv_perm_support.hpp">
      <Filter>Header Files</Filter>
    </ClInclude>
    <ClInclude Include="sdsl\io.hpp">
      <Filter>Header Files</Filter>
    </ClInclude>
    <ClInclude Include="sdsl\iterators.hpp">
      <Filter>Header Files</Filter>
    </ClInclude>
    <ClInclude Include="sdsl\k2_treap.hpp">
      <Filter>Header Files</Filter>
    </ClInclude>
    <ClInclude Include="sdsl\k2_treap_algorithm.hpp">
      <Filter>Header Files</Filter>
    </ClInclude>
    <ClInclude Include="sdsl\k2_treap_helper.hpp">
      <Filter>Header Files</Filter>
    </ClInclude>
    <ClInclude Include="sdsl\k2_tree.hpp">
      <Filter>Header Files</Filter>
    </ClInclude>
    <ClInclude Include="sdsl\k2_tree_helper.hpp">
      <Filter>Header Files</Filter>
    </ClInclude>
    <ClInclude Include="sdsl\lcp.hpp">
      <Filter>Header Files</Filter>
    </ClInclude>
    <ClInclude Include="sdsl\lcp_bitcompressed.hpp">
      <Filter>Header Files</Filter>
    </ClInclude>
    <ClInclude Include="sdsl\lcp_byte.hpp">
      <Filter>Header Files</Filter>
    </ClInclude>
    <ClInclude Include="sdsl\lcp_dac.hpp">
      <Filter>Header Files</Filter>
    </ClInclude>
    <ClInclude Include="sdsl\lcp_support_sada.hpp">
      <Filter>Header Files</Filter>
    </ClInclude>
    <ClInclude Include="sdsl\lcp_support_tree.hpp">
      <Filter>Header Files</Filter>
    </ClInclude>
    <ClInclude Include="sdsl\lcp_support_tree2.hpp">
      <Filter>Header Files</Filter>
    </ClInclude>
    <ClInclude Include="sdsl\lcp_vlc.hpp">
      <Filter>Header Files</Filter>
    </ClInclude>
    <ClInclude Include="sdsl\lcp_wt.hpp">
      <Filter>Header Files</Filter>
    </ClInclude>
    <ClInclude Include="sdsl\louds_tree.hpp">
      <Filter>Header Files</Filter>
    </ClInclude>
    <ClInclude Include="sdsl\memory_management.hpp">
      <Filter>Header Files</Filter>
    </ClInclude>
    <ClInclude Include="sdsl\nearest_neighbour_dictionary.hpp">
      <Filter>Header Files</Filter>
    </ClInclude>
    <ClInclude Include="sdsl\nn_dict_dynamic.hpp">
      <Filter>Header Files</Filter>
    </ClInclude>
    <ClInclude Include="sdsl\qsufsort.hpp">
      <Filter>Header Files</Filter>
    </ClInclude>
    <ClInclude Include="sdsl\ram_filebuf.hpp">
      <Filter>Header Files</Filter>
    </ClInclude>
    <ClInclude Include="sdsl\ram_fs.hpp">
      <Filter>Header Files</Filter>
    </ClInclude>
    <ClInclude Include="sdsl\rank_support.hpp">
      <Filter>Header Files</Filter>
    </ClInclude>
    <ClInclude Include="sdsl\rank_support_scan.hpp">
      <Filter>Header Files</Filter>
    </ClInclude>
    <ClInclude Include="sdsl\rank_support_v.hpp">
      <Filter>Header Files</Filter>
    </ClInclude>
    <ClInclude Include="sdsl\rank_support_v5.hpp">
      <Filter>Header Files</Filter>
    </ClInclude>
    <ClInclude Include="sdsl\raster_img.hpp">
      <Filter>Header Files</Filter>
    </ClInclude>
    <ClInclude Include="sdsl\rmq_succinct_sada.hpp">
      <Filter>Header Files</Filter>
    </ClInclude>
    <ClInclude Include="sdsl\rmq_succinct_sct.hpp">
      <Filter>Header Files</Filter>
    </ClInclude>
    <ClInclude Include="sdsl\rmq_support.hpp">
      <Filter>Header Files</Filter>
    </ClInclude>
    <ClInclude Include="sdsl\rmq_support_sparse_table.hpp">
      <Filter>Header Files</Filter>
    </ClInclude>
    <ClInclude Include="sdsl\rrr_helper.hpp">
      <Filter>Header Files</Filter>
    </ClInclude>
    <ClInclude Include="sdsl\rrr_vector.hpp">
      <Filter>Header Files</Filter>
    </ClInclude>
    <ClInclude Include="sdsl\rrr_vector_15.hpp">
      <Filter>Header Files</Filter>
    </ClInclude>
    <ClInclude Include="sdsl\sd_vector.hpp">
      <Filter>Header Files</Filter>
    </ClInclude>
    <ClInclude Include="sdsl\sdsl_concepts.hpp">
      <Filter>Header Files</Filter>
    </ClInclude>
    <ClInclude Include="sdsl\select_support.hpp">
      <Filter>Header Files</Filter>
    </ClInclude>
    <ClInclude Include="sdsl\select_support_mcl.hpp">
      <Filter>Header Files</Filter>
    </ClInclude>
    <ClInclude Include="sdsl\select_support_scan.hpp">
      <Filter>Header Files</Filter>
    </ClInclude>
    <ClInclude Include="sdsl\sfstream.hpp">
      <Filter>Header Files</Filter>
    </ClInclude>
    <ClInclude Include="sdsl\sorted_int_stack.hpp">
      <Filter>Header Files</Filter>
    </ClInclude>
    <ClInclude Include="sdsl\sorted_multi_stack_support.hpp">
      <Filter>Header Files</Filter>
    </ClInclude>
    <ClInclude Include="sdsl\sorted_stack_support.hpp">
      <Filter>Header Files</Filter>
    </ClInclude>
    <ClInclude Include="sdsl\structure_tree.hpp">
      <Filter>Header Files</Filter>
    </ClInclude>
    <ClInclude Include="sdsl\suffix_array_algorithm.hpp">
      <Filter>Header Files</Filter>
    </ClInclude>
    <ClInclude Include="sdsl\suffix_array_helper.hpp">
      <Filter>Header Files</Filter>
    </ClInclude>
    <ClInclude Include="sdsl\suffix_arrays.hpp">
      <Filter>Header Files</Filter>
    </ClInclude>
    <ClInclude Include="sdsl\suffix_tree_algorithm.hpp">
      <Filter>Header Files</Filter>
    </ClInclude>
    <ClInclude Include="sdsl\suffix_tree_helper.hpp">
      <Filter>Header Files</Filter>
    </ClInclude>
    <ClInclude Include="sdsl\suffix_trees.hpp">
      <Filter>Header Files</Filter>
    </ClInclude>
    <ClInclude Include="sdsl\uint128_t.hpp">
      <Filter>Header Files</Filter>
    </ClInclude>
    <ClInclude Include="sdsl\uint256_t.hpp">
      <Filter>Header Files</Filter>
    </ClInclude>
    <ClInclude Include="sdsl\uintx_t.hpp">
      <Filter>Header Files</Filter>
    </ClInclude>
    <ClInclude Include="sdsl\util.hpp">
      <Filter>Header Files</Filter>
    </ClInclude>
    <ClInclude Include="sdsl\vectors.hpp">
      <Filter>Header Files</Filter>
    </ClInclude>
    <ClInclude Include="sdsl\vlc_vector.hpp">
      <Filter>Header Files</Filter>
    </ClInclude>
    <ClInclude Include="sdsl\wavelet_trees.hpp">
      <Filter>Header Files</Filter>
    </ClInclude>
    <ClInclude Include="sdsl\wm_int.hpp">
      <Filter>Header Files</Filter>
    </ClInclude>
    <ClInclude Include="sdsl\wt_algorithm.hpp">
      <Filter>Header Files</Filter>
    </ClInclude>
    <ClInclude Include="sdsl\wt_ap.hpp">
      <Filter>Header Files</Filter>
    </ClInclude>
    <ClInclude Include="sdsl\wt_blcd.hpp">
      <Filter>Header Files</Filter>
    </ClInclude>
    <ClInclude Include="sdsl\wt_gmr.hpp">
      <Filter>Header Files</Filter>
    </ClInclude>
    <ClInclude Include="sdsl\wt_helper.hpp">
      <Filter>Header Files</Filter>
    </ClInclude>
    <ClInclude Include="sdsl\wt_huff.hpp">
      <Filter>Header Files</Filter>
    </ClInclude>
    <ClInclude Include="sdsl\wt_hutu.hpp">
      <Filter>Header Files</Filter>
    </ClInclude>
    <ClInclude Include="sdsl\wt_int.hpp">
      <Filter>Header Files</Filter>
    </ClInclude>
    <ClInclude Include="sdsl\wt_pc.hpp">
      <Filter>Header Files</Filter>
    </ClInclude>
    <ClInclude Include="sdsl\wt_rlmn.hpp">
      <Filter>Header Files</Filter>
    </ClInclude>
    <ClInclude Include="EWAHBoolArray\headers\boolarray.h">
      <Filter>Header Files</Filter>
    </ClInclude>
    <ClInclude Include="EWAHBoolArray\headers\ewah.h">
      <Filter>Header Files</Filter>
    </ClInclude>
    <ClInclude Include="EWAHBoolArray\headers\ewahutil.h">
      <Filter>Header Files</Filter>
    </ClInclude>
    <ClInclude Include="EWAHBoolArray\headers\runninglengthword.h">
      <Filter>Header Files</Filter>
    </ClInclude>
    <ClInclude Include="concise.h">
      <Filter>Header Files</Filter>
    </ClInclude>
    <ClInclude Include="conciseutil.h">
      <Filter>Header Files</Filter>
    </ClInclude>
  </ItemGroup>
  <ItemGroup>
    <None Include="bitscan\biicode.conf" />
  </ItemGroup>
</Project>