<?xml version="1.0" encoding="utf-8"?>
<Project ToolsVersion="4.0" xmlns="http://schemas.microsoft.com/developer/msbuild/2003">
  <ItemGroup>
    <Filter Include="Source Files">
      <UniqueIdentifier>{4FC737F1-C7A5-4376-A066-2A32D752A2FF}</UniqueIdentifier>
      <Extensions>cpp;c;cc;cxx;def;odl;idl;hpj;bat;asm;asmx</Extensions>
    </Filter>
    <Filter Include="Header Files">
      <UniqueIdentifier>{93995380-89BD-4b04-88EB-625FBE52EBFB}</UniqueIdentifier>
      <Extensions>h;hh;hpp;hxx;hm;inl;inc;xsd</Extensions>
    </Filter>
    <Filter Include="Resource Files">
      <UniqueIdentifier>{67DA6AB6-F800-4c08-8B7A-83BB121AAD01}</UniqueIdentifier>
      <Extensions>rc;ico;cur;bmp;dlg;rc2;rct;bin;rgs;gif;jpg;jpeg;jpe;resx;tiff;tif;png;wav;mfcribbon-ms</Extensions>
    </Filter>
  </ItemGroup>
  <ItemGroup>
    <ClCompile Include="TestSet.cpp">
      <Filter>Source Files</Filter>
    </ClCompile>
  </ItemGroup>
  <ItemGroup>
    <ClInclude Include="mct\impl\closed-hash-table.hpp">
      <Filter>Header Files</Filter>
    </ClInclude>
    <ClInclude Include="mct\impl\optimization.hpp">
      <Filter>Header Files</Filter>
    </ClInclude>
    <ClInclude Include="mct\impl\serialization.hpp">
      <Filter>Header Files</Filter>
    </ClInclude>
    <ClInclude Include="mct\impl\utils.hpp">
      <Filter>Header Files</Filter>
    </ClInclude>
    <ClInclude Include="mct\closed-hash-map.hpp">
      <Filter>Header Files</Filter>
    </ClInclude>
    <ClInclude Include="mct\closed-hash-set.hpp">
      <Filter>Header Files</Filter>
    </ClInclude>
    <ClInclude Include="mct\config.hpp">
      <Filter>Header Files</Filter>
    </ClInclude>
    <ClInclude Include="mct\hash-map.hpp">
      <Filter>Header Files</Filter>
    </ClInclude>
    <ClInclude Include="mct\hash-map-serialization.hpp">
      <Filter>Header Files</Filter>
    </ClInclude>
    <ClInclude Include="mct\hash-set.hpp">
      <Filter>Header Files</Filter>
    </ClInclude>
    <ClInclude Include="mct\hash-set-serialization.hpp">
      <Filter>Header Files</Filter>
    </ClInclude>
    <ClInclude Include="mct\intrusiveness.hpp">
      <Filter>Header Files</Filter>
    </ClInclude>
    <ClInclude Include="sparsehash\internal\densehashtable.h">
      <Filter>Header Files</Filter>
    </ClInclude>
    <ClInclude Include="sparsehash\internal\hashtable-common.h">
      <Filter>Header Files</Filter>
    </ClInclude>
    <ClInclude Include="sparsehash\internal\libc_allocator_with_realloc.h">
      <Filter>Header Files</Filter>
    </ClInclude>
    <ClInclude Include="sparsehash\internal\sparseconfig.h">
      <Filter>Header Files</Filter>
    </ClInclude>
    <ClInclude Include="sparsehash\internal\sparsehashtable.h">
      <Filter>Header Files</Filter>
    </ClInclude>
    <ClInclude Include="sparsehash\template_util.h">
      <Filter>Header Files</Filter>
    </ClInclude>
    <ClInclude Include="sparsehash\type_traits.h">
      <Filter>Header Files</Filter>
    </ClInclude>
    <ClInclude Include="btree.h">
      <Filter>Header Files</Filter>
    </ClInclude>
    <ClInclude Include="btree_container.h">
      <Filter>Header Files</Filter>
    </ClInclude>
    <ClInclude Include="btree_set.h">
      <Filter>Header Files</Filter>
    </ClInclude>
    <ClInclude Include="sparsehash\dense_hash_map">
      <Filter>Header Files</Filter>
    </ClInclude>
    <ClInclude Include="sparsehash\dense_hash_set">
      <Filter>Header Files</Filter>
    </ClInclude>
    <ClInclude Include="sparsehash\sparse_hash_map">
      <Filter>Header Files</Filter>
    </ClInclude>
    <ClInclude Include="sparsehash\sparse_hash_set">
      <Filter>Header Files</Filter>
    </ClInclude>
    <ClInclude Include="sparsehash\sparsetable">
      <Filter>Header Files</Filter>
    </ClInclude>
  </ItemGroup>
</Project>